{
    "_meta": {
        "hash": {
            "sha256": "0f8bc68c2d28dbcf3cfa2a2dabb67cd3ee5f9cbff2eeeb751c82f20ed20131e6"
        },
        "pipfile-spec": 6,
        "requires": {
            "python_version": "3.6"
        },
        "sources": [
            {
                "name": "pypi",
                "url": "https://pypi.python.org/simple",
                "verify_ssl": true
            }
        ]
    },
    "default": {
        "docopt": {
            "hashes": [
                "sha256:49b3a825280bd66b3aa83585ef59c4a8c82f2c8a522dbe754a8bc8d08c85c491"
            ],
            "index": "pypi",
            "version": "==0.6.2"
        },
        "langid": {
            "hashes": [
                "sha256:044bcae1912dab85c33d8e98f2811b8f4ff1213e5e9a9e9510137b84da2cb293"
            ],
            "index": "pypi",
            "version": "==1.1.6"
        },
        "numpy": {
            "hashes": [
                "sha256:0b0dd8f47fb177d00fa6ef2d58783c4f41ad3126b139c91dd2f7c4b3fdf5e9a5",
                "sha256:25ffe71f96878e1da7e014467e19e7db90ae7d4e12affbc73101bcf61785214e",
                "sha256:26efd7f7d755e6ca966a5c0ac5a930a87dbbaab1c51716ac26a38f42ecc9bc4b",
                "sha256:28b1180c758abf34a5c3fea76fcee66a87def1656724c42bb14a6f9717a5bdf7",
                "sha256:2e418f0a59473dac424f888dd57e85f77502a593b207809211c76e5396ae4f5c",
                "sha256:30c84e3a62cfcb9e3066f25226e131451312a044f1fe2040e69ce792cb7de418",
                "sha256:4650d94bb9c947151737ee022b934b7d9a845a7c76e476f3e460f09a0c8c6f39",
                "sha256:4dd830a11e8724c9c9379feed1d1be43113f8bcce55f47ea7186d3946769ce26",
                "sha256:4f2a2b279efde194877aff1f76cf61c68e840db242a5c7169f1ff0fd59a2b1e2",
                "sha256:62d22566b3e3428dfc9ec972014c38ed9a4db4f8969c78f5414012ccd80a149e",
                "sha256:669795516d62f38845c7033679c648903200980d68935baaa17ac5c7ae03ae0c",
                "sha256:75fcd60d682db3e1f8fbe2b8b0c6761937ad56d01c1dc73edf4ef2748d5b6bc4",
                "sha256:9395b0a41e8b7e9a284e3be7060db9d14ad80273841c952c83a5afc241d2bd98",
                "sha256:9e37c35fc4e9410093b04a77d11a34c64bf658565e30df7cbe882056088a91c1",
                "sha256:a0678793096205a4d784bd99f32803ba8100f639cf3b932dc63b21621390ea7e",
                "sha256:b46554ad4dafb2927f88de5a1d207398c5385edbb5c84d30b3ef187c4a3894d8",
                "sha256:c867eeccd934920a800f65c6068acdd6b87e80d45cd8c8beefff783b23cdc462",
                "sha256:dd0667f5be56fb1b570154c2c0516a528e02d50da121bbbb2cbb0b6f87f59bc2",
                "sha256:de2b1c20494bdf47f0160bd88ed05f5e48ae5dc336b8de7cfade71abcc95c0b9",
                "sha256:f1df7b2b7740dd777571c732f98adb5aad5450aee32772f1b39249c8a50386f6",
                "sha256:ffca69e29079f7880c5392bf675eb8b4146479d976ae1924d01cd92b04cccbcc"
            ],
            "version": "==1.17.3"
        },
        "pandas": {
            "hashes": [
                "sha256:00dff3a8e337f5ed7ad295d98a31821d3d0fe7792da82d78d7fd79b89c03ea9d",
                "sha256:22361b1597c8c2ffd697aa9bf85423afa9e1fcfa6b1ea821054a244d5f24d75e",
                "sha256:255920e63850dc512ce356233081098554d641ba99c3767dde9e9f35630f994b",
                "sha256:26382aab9c119735908d94d2c5c08020a4a0a82969b7e5eefb92f902b3b30ad7",
                "sha256:33970f4cacdd9a0ddb8f21e151bfb9f178afb7c36eb7c25b9094c02876f385c2",
                "sha256:4545467a637e0e1393f7d05d61dace89689ad6d6f66f267f86fff737b702cce9",
                "sha256:52da74df8a9c9a103af0a72c9d5fdc8e0183a90884278db7f386b5692a2220a4",
                "sha256:61741f5aeb252f39c3031d11405305b6d10ce663c53bc3112705d7ad66c013d0",
                "sha256:6a3ac2c87e4e32a969921d1428525f09462770c349147aa8e9ab95f88c71ec71",
                "sha256:7458c48e3d15b8aaa7d575be60e1e4dd70348efcd9376656b72fecd55c59a4c3",
                "sha256:78bf638993219311377ce9836b3dc05f627a666d0dbc8cec37c0ff3c9ada673b",
                "sha256:8153705d6545fd9eb6dd2bc79301bff08825d2e2f716d5dced48daafc2d0b81f",
                "sha256:975c461accd14e89d71772e89108a050fa824c0b87a67d34cedf245f6681fc17",
                "sha256:9962957a27bfb70ab64103d0a7b42fa59c642fb4ed4cb75d0227b7bb9228535d",
                "sha256:adc3d3a3f9e59a38d923e90e20c4922fc62d1e5a03d083440468c6d8f3f1ae0a",
                "sha256:bbe3eb765a0b1e578833d243e2814b60c825b7fdbf4cdfe8e8aae8a08ed56ecf",
                "sha256:df8864824b1fe488cf778c3650ee59c3a0d8f42e53707de167ba6b4f7d35f133",
                "sha256:e45055c30a608076e31a9fcd780a956ed3b1fa20db61561b8d88b79259f526f7",
                "sha256:ee50c2142cdcf41995655d499a157d0a812fce55c97d9aad13bc1eef837ed36c"
            ],
            "index": "pypi",
            "version": "==0.25.3"
        },
        "pycts": {
            "hashes": [
                "sha256:781a1ce782b48e17586b16525e60eb18409313ed0d52dc777d9d398cc89c2aeb"
            ],
            "index": "pypi",
            "version": "==0.2.1"
        },
        "python-dateutil": {
            "hashes": [
                "sha256:73ebfe9dbf22e832286dafa60473e4cd239f8592f699aa5adaf10050e6e1823c",
                "sha256:75bb3f31ea686f1197762692a9ee6a7550b59fc6ca3a1f4b5d7e32fb98e2da2a"
            ],
            "version": "==2.8.1"
        },
        "pytz": {
            "hashes": [
                "sha256:1c557d7d0e871de1f5ccd5833f60fb2550652da6be2693c1e02300743d21500d",
                "sha256:b02c06db6cf09c12dd25137e563b31700d3b80fcc4ad23abb7a315f2789819be"
            ],
            "version": "==2019.3"
        },
        "six": {
            "hashes": [
                "sha256:1f1b7d42e254082a9db6279deae68afb421ceba6158efa6131de7b3003ee93fd",
                "sha256:30f610279e8b2578cab6db20741130331735c781b56053c59c4076da27f06b66"
            ],
            "version": "==1.13.0"
        }
    },
    "develop": {
        "2to3": {
            "hashes": [
                "sha256:958bc212c928bbdcbc778b72528e0a39ae4ee8040eda6af6c3b5dd640c98ce6d",
                "sha256:a39fb204829c6ed90be1507f3aff1c2b4fa6734585d57a50286f039546b5fb7f"
            ],
            "index": "pypi",
            "version": "==1.0"
        },
        "alabaster": {
            "hashes": [
                "sha256:446438bdcca0e05bd45ea2de1668c1d9b032e1a9154c2c259092d77031ddd359",
                "sha256:a661d72d58e6ea8a57f7a86e37d86716863ee5e92788398526d58b26a4e4dc02"
            ],
            "version": "==0.7.12"
        },
        "appdirs": {
            "hashes": [
                "sha256:9e5896d1372858f8dd3344faf4e5014d21849c756c8d5701f78f8a103b372d92",
                "sha256:d8b24664561d0d34ddfaec54636d502d7cea6e29c3eaf68f3df6180863e2166e"
            ],
            "version": "==1.4.3"
        },
        "atomicwrites": {
            "hashes": [
                "sha256:03472c30eb2c5d1ba9227e4c2ca66ab8287fbfbbda3888aa93dc2e28fc6811b4",
                "sha256:75a9445bac02d8d058d5e1fe689654ba5a6556a1dfd8ce6ec55a0ed79866cfa6"
            ],
            "version": "==1.3.0"
        },
        "attrs": {
            "hashes": [
                "sha256:08a96c641c3a74e44eb59afb61a24f2cb9f4d7188748e76ba4bb5edfa3cb7d1c",
                "sha256:f7b7ce16570fe9965acd6d30101a28f62fb4a7f9e926b3bbc9b61f8b04247e72"
            ],
            "version": "==19.3.0"
        },
        "babel": {
            "hashes": [
                "sha256:af92e6106cb7c55286b25b38ad7695f8b4efb36a90ba483d7f7a6628c46158ab",
                "sha256:e86135ae101e31e2c8ec20a4e0c5220f4eed12487d5cf3f78be7e98d3a57fc28"
            ],
            "version": "==2.7.0"
        },
        "backcall": {
            "hashes": [
                "sha256:38ecd85be2c1e78f77fd91700c76e14667dc21e2713b63876c0eb901196e01e4",
                "sha256:bbbf4b1e5cd2bdb08f915895b51081c041bac22394fdfcfdfbe9f14b77c08bf2"
            ],
            "version": "==0.1.0"
        },
        "black": {
            "hashes": [
                "sha256:1b30e59be925fafc1ee4565e5e08abef6b03fe455102883820fe5ee2e4734e0b",
                "sha256:c2edb73a08e9e0e6f65a0e6af18b059b8b1cdd5bef997d7a0b181df93dc81539"
            ],
            "index": "pypi",
            "version": "==19.10b0"
        },
        "bleach": {
            "hashes": [
                "sha256:213336e49e102af26d9cde77dd2d0397afabc5a6bf2fed985dc35b5d1e285a16",
                "sha256:3fdf7f77adcf649c9911387df51254b813185e32b2c6619f690b593a617e19fa"
            ],
            "version": "==3.1.0"
        },
        "certifi": {
            "hashes": [
                "sha256:e4f3620cfea4f83eedc95b24abd9cd56f3c4b146dd0177e83a21b4eb49e21e50",
                "sha256:fd7c7c74727ddcf00e9acd26bba8da604ffec95bf1c2144e67aff7a8b50e6cef"
            ],
            "version": "==2019.9.11"
        },
        "chardet": {
            "hashes": [
                "sha256:84ab92ed1c4d4f16916e05906b6b75a6c0fb5db821cc65e70cbd64a3e2a5eaae",
                "sha256:fc323ffcaeaed0e0a02bf4d117757b98aed530d9ed4531e3e15460124c106691"
            ],
            "version": "==3.0.4"
        },
        "click": {
            "hashes": [
                "sha256:2335065e6395b9e67ca716de5f7526736bfa6ceead690adf616d925bdc622b13",
                "sha256:5b94b49521f6456670fdb30cd82a4eca9412788a93fa6dd6df72c94d5a8ff2d7"
            ],
            "version": "==7.0"
        },
        "decorator": {
            "hashes": [
                "sha256:54c38050039232e1db4ad7375cfce6748d7b41c29e95a081c8a6d2c30364a2ce",
                "sha256:5d19b92a3c8f7f101c8dd86afd86b0f061a8ce4540ab8cd401fa2542756bce6d"
            ],
            "version": "==4.4.1"
        },
        "defusedxml": {
            "hashes": [
                "sha256:6687150770438374ab581bb7a1b327a847dd9c5749e396102de3fad4e8a3ef93",
                "sha256:f684034d135af4c6cbb949b8a4d2ed61634515257a67299e5f940fbaa34377f5"
            ],
            "version": "==0.6.0"
        },
        "docutils": {
            "hashes": [
                "sha256:6c4f696463b79f1fb8ba0c594b63840ebd41f059e92b31957c46b74a4599b6d0",
                "sha256:9e4d7ecfc600058e07ba661411a2b7de2fd0fafa17d1a7f7361cd47b1175c827",
                "sha256:a2aeea129088da402665e92e0b25b04b073c04b2dce4ab65caaa38b7ce2e1a99"
            ],
            "version": "==0.15.2"
        },
        "entrypoints": {
            "hashes": [
                "sha256:589f874b313739ad35be6e0cd7efde2a4e9b6fea91edcc34e58ecbb8dbe56d19",
                "sha256:c70dd71abe5a8c85e55e12c19bd91ccfeec11a6e99044204511f9ed547d48451"
            ],
            "version": "==0.3"
        },
        "filelock": {
            "hashes": [
                "sha256:18d82244ee114f543149c66a6e0c14e9c4f8a1044b5cdaadd0f82159d6a6ff59",
                "sha256:929b7d63ec5b7d6b71b0fa5ac14e030b3f70b75747cef1b10da9b879fef15836"
            ],
            "version": "==3.0.12"
        },
        "idna": {
            "hashes": [
                "sha256:c357b3f628cf53ae2c4c05627ecc484553142ca23264e593d327bcde5e9c3407",
                "sha256:ea8b7f6188e6fa117537c3df7da9fc686d485087abf6ac197f9c46432f7e4a3c"
            ],
            "version": "==2.8"
        },
        "imagesize": {
            "hashes": [
                "sha256:3f349de3eb99145973fefb7dbe38554414e5c30abd0c8e4b970a7c9d09f3a1d8",
                "sha256:f3832918bc3c66617f92e35f5d70729187676313caa60c187eb0f28b8fe5e3b5"
            ],
            "version": "==1.1.0"
        },
        "importlib-metadata": {
            "hashes": [
                "sha256:aa18d7378b00b40847790e7c27e11673d7fed219354109d0e7b9e5b25dc3ad26",
                "sha256:d5f18a79777f3aa179c145737780282e27b508fc8fd688cb17c7a813e8bd39af"
            ],
            "markers": "python_version < '3.8'",
            "version": "==0.23"
        },
        "ipdb": {
            "hashes": [
                "sha256:473fdd798a099765f093231a8b1fabfa95b0b682fce12de0c74b61a4b4d8ee57"
            ],
            "index": "pypi",
            "version": "==0.12.2"
        },
        "ipykernel": {
            "hashes": [
                "sha256:1a7def9c986f1ee018c1138d16951932d4c9d4da01dad45f9d34e9899565a22f",
                "sha256:b368ad13edb71fa2db367a01e755a925d7f75ed5e09fbd3f06c85e7a8ef108a8"
            ],
            "version": "==5.1.3"
        },
        "ipython": {
            "hashes": [
                "sha256:dfd303b270b7b5232b3d08bd30ec6fd685d8a58cabd54055e3d69d8f029f7280",
                "sha256:ed7ebe1cba899c1c3ccad6f7f1c2d2369464cc77dba8eebc65e2043e19cda995"
            ],
            "index": "pypi",
            "version": "==7.9.0"
        },
        "ipython-genutils": {
            "hashes": [
                "sha256:72dd37233799e619666c9f639a9da83c34013a73e8bbc79a7a6348d93c61fab8",
                "sha256:eb2e116e75ecef9d4d228fdc66af54269afa26ab4463042e33785b887c628ba8"
            ],
            "version": "==0.2.0"
        },
        "ipywidgets": {
            "hashes": [
                "sha256:13ffeca438e0c0f91ae583dc22f50379b9d6b28390ac7be8b757140e9a771516",
                "sha256:e945f6e02854a74994c596d9db83444a1850c01648f1574adf144fbbabe05c97"
            ],
            "version": "==7.5.1"
        },
        "isort": {
            "hashes": [
                "sha256:54da7e92468955c4fceacd0c86bd0ec997b0e1ee80d97f67c35a78b719dccab1",
                "sha256:6e811fcb295968434526407adb8796944f1988c5b65e8139058f2014cbe100fd"
            ],
            "index": "pypi",
            "version": "==4.3.21"
        },
        "jedi": {
            "hashes": [
                "sha256:786b6c3d80e2f06fd77162a07fed81b8baa22dde5d62896a790a331d6ac21a27",
                "sha256:ba859c74fa3c966a22f2aeebe1b74ee27e2a462f56d3f5f7ca4a59af61bfe42e"
            ],
            "version": "==0.15.1"
        },
        "jinja2": {
            "hashes": [
                "sha256:74320bb91f31270f9551d46522e33af46a80c3d619f4a4bf42b3164d30b5911f",
                "sha256:9fe95f19286cfefaa917656583d020be14e7859c6b0252588391e47db34527de"
            ],
            "version": "==2.10.3"
        },
        "jsonschema": {
            "hashes": [
                "sha256:2fa0684276b6333ff3c0b1b27081f4b2305f0a36cf702a23db50edb141893c3f",
                "sha256:94c0a13b4a0616458b42529091624e66700a17f847453e52279e35509a5b7631"
            ],
            "version": "==3.1.1"
        },
        "jupyter": {
            "hashes": [
                "sha256:3e1f86076bbb7c8c207829390305a2b1fe836d471ed54be66a3b8c41e7f46cc7",
                "sha256:5b290f93b98ffbc21c0c7e749f054b3267782166d72fa5e3ed1ed4eaf34a2b78",
                "sha256:d9dc4b3318f310e34c82951ea5d6683f67bed7def4b259fafbfe4f1beb1d8e5f"
            ],
            "index": "pypi",
            "version": "==1.0.0"
        },
        "jupyter-client": {
            "hashes": [
                "sha256:60e6faec1031d63df57f1cc671ed673dced0ed420f4377ea33db37b1c188b910",
                "sha256:d0c077c9aaa4432ad485e7733e4d91e48f87b4f4bab7d283d42bb24cbbba0a0f"
            ],
            "version": "==5.3.4"
        },
        "jupyter-console": {
            "hashes": [
                "sha256:308ce876354924fb6c540b41d5d6d08acfc946984bf0c97777c1ddcb42e0b2f5",
                "sha256:cc80a97a5c389cbd30252ffb5ce7cefd4b66bde98219edd16bf5cb6f84bb3568"
            ],
            "version": "==6.0.0"
        },
        "jupyter-core": {
            "hashes": [
                "sha256:464769f7387d7a62a2403d067f1ddc616655b7f77f5d810c0dd62cb54bfd0fb9",
                "sha256:a183e0ec2e8f6adddf62b0a3fc6a2237e3e0056d381e536d3e7c7ecc3067e244"
            ],
            "version": "==4.6.1"
        },
        "markupsafe": {
            "hashes": [
                "sha256:00bc623926325b26bb9605ae9eae8a215691f33cae5df11ca5424f06f2d1f473",
                "sha256:09027a7803a62ca78792ad89403b1b7a73a01c8cb65909cd876f7fcebd79b161",
                "sha256:09c4b7f37d6c648cb13f9230d847adf22f8171b1ccc4d5682398e77f40309235",
                "sha256:1027c282dad077d0bae18be6794e6b6b8c91d58ed8a8d89a89d59693b9131db5",
                "sha256:24982cc2533820871eba85ba648cd53d8623687ff11cbb805be4ff7b4c971aff",
                "sha256:29872e92839765e546828bb7754a68c418d927cd064fd4708fab9fe9c8bb116b",
                "sha256:43a55c2930bbc139570ac2452adf3d70cdbb3cfe5912c71cdce1c2c6bbd9c5d1",
                "sha256:46c99d2de99945ec5cb54f23c8cd5689f6d7177305ebff350a58ce5f8de1669e",
                "sha256:500d4957e52ddc3351cabf489e79c91c17f6e0899158447047588650b5e69183",
                "sha256:535f6fc4d397c1563d08b88e485c3496cf5784e927af890fb3c3aac7f933ec66",
                "sha256:62fe6c95e3ec8a7fad637b7f3d372c15ec1caa01ab47926cfdf7a75b40e0eac1",
                "sha256:6dd73240d2af64df90aa7c4e7481e23825ea70af4b4922f8ede5b9e35f78a3b1",
                "sha256:717ba8fe3ae9cc0006d7c451f0bb265ee07739daf76355d06366154ee68d221e",
                "sha256:79855e1c5b8da654cf486b830bd42c06e8780cea587384cf6545b7d9ac013a0b",
                "sha256:7c1699dfe0cf8ff607dbdcc1e9b9af1755371f92a68f706051cc8c37d447c905",
                "sha256:88e5fcfb52ee7b911e8bb6d6aa2fd21fbecc674eadd44118a9cc3863f938e735",
                "sha256:8defac2f2ccd6805ebf65f5eeb132adcf2ab57aa11fdf4c0dd5169a004710e7d",
                "sha256:98c7086708b163d425c67c7a91bad6e466bb99d797aa64f965e9d25c12111a5e",
                "sha256:9add70b36c5666a2ed02b43b335fe19002ee5235efd4b8a89bfcf9005bebac0d",
                "sha256:9bf40443012702a1d2070043cb6291650a0841ece432556f784f004937f0f32c",
                "sha256:ade5e387d2ad0d7ebf59146cc00c8044acbd863725f887353a10df825fc8ae21",
                "sha256:b00c1de48212e4cc9603895652c5c410df699856a2853135b3967591e4beebc2",
                "sha256:b1282f8c00509d99fef04d8ba936b156d419be841854fe901d8ae224c59f0be5",
                "sha256:b2051432115498d3562c084a49bba65d97cf251f5a331c64a12ee7e04dacc51b",
                "sha256:ba59edeaa2fc6114428f1637ffff42da1e311e29382d81b339c1817d37ec93c6",
                "sha256:c8716a48d94b06bb3b2524c2b77e055fb313aeb4ea620c8dd03a105574ba704f",
                "sha256:cd5df75523866410809ca100dc9681e301e3c27567cf498077e8551b6d20e42f",
                "sha256:e249096428b3ae81b08327a63a485ad0878de3fb939049038579ac0ef61e17e7"
            ],
            "version": "==1.1.1"
        },
        "mistune": {
            "hashes": [
                "sha256:59a3429db53c50b5c6bcc8a07f8848cb00d7dc8bdb431a4ab41920d201d4756e",
                "sha256:88a1051873018da288eee8538d476dffe1262495144b33ecb586c4ab266bb8d4"
            ],
            "version": "==0.8.4"
        },
        "more-itertools": {
            "hashes": [
                "sha256:409cd48d4db7052af495b09dec721011634af3753ae1ef92d2b32f73a745f832",
                "sha256:92b8c4b06dac4f0611c0729b2f2ede52b2e1bac1ab48f089c7ddc12e26bb60c4"
            ],
            "version": "==7.2.0"
        },
        "nbconvert": {
            "hashes": [
                "sha256:21fb48e700b43e82ba0e3142421a659d7739b65568cc832a13976a77be16b523",
                "sha256:f0d6ec03875f96df45aa13e21fd9b8450c42d7e1830418cccc008c0df725fcee"
            ],
            "version": "==5.6.1"
        },
        "nbformat": {
            "hashes": [
                "sha256:b9a0dbdbd45bb034f4f8893cafd6f652ea08c8c1674ba83f2dc55d3955743b0b",
                "sha256:f7494ef0df60766b7cabe0a3651556345a963b74dbc16bc7c18479041170d402"
            ],
            "version": "==4.4.0"
        },
        "notebook": {
            "hashes": [
                "sha256:399a4411e171170173344761e7fd4491a3625659881f76ce47c50231ed714d9b",
                "sha256:f67d76a68b1074a91693e95dea903ea01fd02be7c9fac5a4b870b8475caed805"
            ],
            "version": "==6.0.2"
        },
        "packaging": {
            "hashes": [
                "sha256:28b924174df7a2fa32c1953825ff29c61e2f5e082343165438812f00d3a7fc47",
                "sha256:d9551545c6d761f3def1677baf08ab2a3ca17c56879e70fecba2fc4dde4ed108"
            ],
            "version": "==19.2"
        },
        "pandocfilters": {
            "hashes": [
                "sha256:b3dd70e169bb5449e6bc6ff96aea89c5eea8c5f6ab5e207fc2f521a2cf4a0da9"
            ],
            "version": "==1.4.2"
        },
        "parso": {
            "hashes": [
                "sha256:63854233e1fadb5da97f2744b6b24346d2750b85965e7e399bec1620232797dc",
                "sha256:666b0ee4a7a1220f65d367617f2cd3ffddff3e205f3f16a0284df30e774c2a9c"
            ],
            "version": "==0.5.1"
        },
        "pathspec": {
            "hashes": [
                "sha256:e285ccc8b0785beadd4c18e5708b12bb8fcf529a1e61215b3feff1d1e559ea5c"
            ],
            "version": "==0.6.0"
        },
        "pexpect": {
            "hashes": [
                "sha256:2094eefdfcf37a1fdbfb9aa090862c1a4878e5c7e0e7e7088bdb511c558e5cd1",
                "sha256:9e2c1fd0e6ee3a49b28f95d4b33bc389c89b20af6a1255906e90ff1262ce62eb"
            ],
            "markers": "sys_platform != 'win32'",
            "version": "==4.7.0"
        },
        "pickleshare": {
            "hashes": [
                "sha256:87683d47965c1da65cdacaf31c8441d12b8044cdec9aca500cd78fc2c683afca",
                "sha256:9649af414d74d4df115d5d718f82acb59c9d418196b7b4290ed47a12ce62df56"
            ],
            "version": "==0.7.5"
        },
        "pkginfo": {
            "hashes": [
                "sha256:7424f2c8511c186cd5424bbf31045b77435b37a8d604990b79d4e70d741148bb",
                "sha256:a6d9e40ca61ad3ebd0b72fbadd4fba16e4c0e4df0428c041e01e06eb6ee71f32"
            ],
            "version": "==1.5.0.1"
        },
        "pluggy": {
            "hashes": [
                "sha256:0db4b7601aae1d35b4a033282da476845aa19185c1e6964b25cf324b5e4ec3e6",
                "sha256:fa5fa1622fa6dd5c030e9cad086fa19ef6a0cf6d7a2d12318e10cb49d6d68f34"
            ],
            "version": "==0.13.0"
        },
        "prometheus-client": {
            "hashes": [
                "sha256:71cd24a2b3eb335cb800c7159f423df1bd4dcd5171b234be15e3f31ec9f622da"
            ],
            "version": "==0.7.1"
        },
        "prompt-toolkit": {
            "hashes": [
                "sha256:46642344ce457641f28fc9d1c9ca939b63dadf8df128b86f1b9860e59c73a5e4",
                "sha256:e7f8af9e3d70f514373bf41aa51bc33af12a6db3f71461ea47fea985defb2c31",
                "sha256:f15af68f66e664eaa559d4ac8a928111eebd5feda0c11738b5998045224829db"
            ],
            "version": "==2.0.10"
        },
        "ptyprocess": {
            "hashes": [
                "sha256:923f299cc5ad920c68f2bc0bc98b75b9f838b93b599941a6b63ddbc2476394c0",
                "sha256:d7cc528d76e76342423ca640335bd3633420dc1366f258cb31d05e865ef5ca1f"
            ],
            "markers": "os_name != 'nt'",
            "version": "==0.6.0"
        },
        "py": {
            "hashes": [
                "sha256:64f65755aee5b381cea27766a3a147c3f15b9b6b9ac88676de66ba2ae36793fa",
                "sha256:dc639b046a6e2cff5bbe40194ad65936d6ba360b52b3c3fe1d08a82dd50b5e53"
            ],
            "version": "==1.8.0"
        },
        "pygments": {
            "hashes": [
                "sha256:71e430bc85c88a430f000ac1d9b331d2407f681d6f6aec95e8bcfbc3df5b0127",
                "sha256:881c4c157e45f30af185c1ffe8d549d48ac9127433f2c380c24b84572ad66297"
            ],
            "version": "==2.4.2"
        },
        "pyparsing": {
            "hashes": [
                "sha256:4acadc9a2b96c19fe00932a38ca63e601180c39a189a696abce1eaab641447e1",
                "sha256:61b5ed888beab19ddccab3478910e2076a6b5a0295dffc43021890e136edf764"
            ],
            "version": "==2.4.4"
        },
        "pyrsistent": {
            "hashes": [
                "sha256:eb6545dbeb1aa69ab1fb4809bfbf5a8705e44d92ef8fc7c2361682a47c46c778"
            ],
            "version": "==0.15.5"
        },
        "pytest": {
            "hashes": [
                "sha256:27abc3fef618a01bebb1f0d6d303d2816a99aa87a5968ebc32fe971be91eb1e6",
                "sha256:58cee9e09242937e136dbb3dab466116ba20d6b7828c7620f23947f37eb4dae4"
            ],
            "index": "pypi",
            "version": "==5.2.2"
        },
        "python-dateutil": {
            "hashes": [
                "sha256:73ebfe9dbf22e832286dafa60473e4cd239f8592f699aa5adaf10050e6e1823c",
                "sha256:75bb3f31ea686f1197762692a9ee6a7550b59fc6ca3a1f4b5d7e32fb98e2da2a"
            ],
            "version": "==2.8.1"
        },
        "pytz": {
            "hashes": [
                "sha256:1c557d7d0e871de1f5ccd5833f60fb2550652da6be2693c1e02300743d21500d",
                "sha256:b02c06db6cf09c12dd25137e563b31700d3b80fcc4ad23abb7a315f2789819be"
            ],
            "version": "==2019.3"
        },
        "pyzmq": {
            "hashes": [
                "sha256:01636e95a88d60118479041c6aaaaf5419c6485b7b1d37c9c4dd424b7b9f1121",
                "sha256:021dba0d1436516092c624359e5da51472b11ba8edffa334218912f7e8b65467",
                "sha256:0463bd941b6aead494d4035f7eebd70035293dd6caf8425993e85ad41de13fa3",
                "sha256:05fd51edd81eed798fccafdd49c936b6c166ffae7b32482e4d6d6a2e196af4e6",
                "sha256:1fadc8fbdf3d22753c36d4172169d184ee6654f8d6539e7af25029643363c490",
                "sha256:22efa0596cf245a78a99060fe5682c4cd00c58bb7614271129215c889062db80",
                "sha256:260c70b7c018905ec3659d0f04db735ac830fe27236e43b9dc0532cf7c9873ef",
                "sha256:2762c45e289732d4450406cedca35a9d4d71e449131ba2f491e0bf473e3d2ff2",
                "sha256:2fc6cada8dc53521c1189596f1898d45c5f68603194d3a6453d6db4b27f4e12e",
                "sha256:343b9710a61f2b167673bea1974e70b5dccfe64b5ed10626798f08c1f7227e72",
                "sha256:41bf96d5f554598a0632c3ec28e3026f1d6591a50f580df38eff0b8067efb9e7",
                "sha256:856b2cdf7a1e2cbb84928e1e8db0ea4018709b39804103d3a409e5584f553f57",
                "sha256:85b869abc894672de9aecdf032158ea8ad01e2f0c3b09ef60e3687fb79418096",
                "sha256:9055ed3f443edae7dc80f253fc54257f8455fc3062a7832c60887409e27c9f82",
                "sha256:93f44739db69234c013a16990e43db1aa0af3cf5a4b8b377d028ff24515fbeb3",
                "sha256:98fa3e75ccb22c0dc99654e3dd9ff693b956861459e8c8e8734dd6247b89eb29",
                "sha256:9a22c94d2e93af8bebd4fcf5fa38830f5e3b1ff0d4424e2912b07651eb1bafb4",
                "sha256:a7d3f4b4bbb5d7866ae727763268b5c15797cbd7b63ea17f3b0ec1067da8994b",
                "sha256:b645a49376547b3816433a7e2d2a99135c8e651e50497e7ecac3bd126e4bea16",
                "sha256:cf0765822e78cf9e45451647a346d443f66792aba906bc340f4e0ac7870c169c",
                "sha256:dc398e1e047efb18bfab7a8989346c6921a847feae2cad69fedf6ca12fb99e2c",
                "sha256:dd5995ae2e80044e33b5077fb4bc2b0c1788ac6feaf15a6b87a00c14b4bdd682",
                "sha256:e03fe5e07e70f245dc9013a9d48ae8cc4b10c33a1968039c5a3b64b5d01d083d",
                "sha256:ea09a306144dff2795e48439883349819bef2c53c0ee62a3c2fae429451843bb",
                "sha256:f4e37f33da282c3c319849877e34f97f0a3acec09622ec61b7333205bdd13b52",
                "sha256:fa4bad0d1d173dee3e8ef3c3eb6b2bb6c723fc7a661eeecc1ecb2fa99860dd45"
            ],
            "version": "==18.1.0"
        },
        "qtconsole": {
            "hashes": [
                "sha256:40d5d8e00d070ea266dbf6f0da74c4b9597b8b8d67cd8233c3ffd8debf923703",
                "sha256:b91e7412587e6cfe1644696538f73baf5611e837be5406633218443b2827c6d9"
            ],
            "version": "==4.5.5"
        },
        "readme-renderer": {
            "hashes": [
                "sha256:bb16f55b259f27f75f640acf5e00cf897845a8b3e4731b5c1a436e4b8529202f",
                "sha256:c8532b79afc0375a85f10433eca157d6b50f7d6990f337fa498c96cd4bfc203d"
            ],
            "version": "==24.0"
        },
        "regex": {
            "hashes": [
                "sha256:15454b37c5a278f46f7aa2d9339bda450c300617ca2fca6558d05d870245edc7",
                "sha256:1ad40708c255943a227e778b022c6497c129ad614bb7a2a2f916e12e8a359ee7",
                "sha256:5e00f65cc507d13ab4dfa92c1232d004fa202c1d43a32a13940ab8a5afe2fb96",
                "sha256:604dc563a02a74d70ae1f55208ddc9bfb6d9f470f6d1a5054c4bd5ae58744ab1",
                "sha256:720e34a539a76a1fedcebe4397290604cc2bdf6f81eca44adb9fb2ea071c0c69",
                "sha256:7caf47e4a9ac6ef08cabd3442cc4ca3386db141fb3c8b2a7e202d0470028e910",
                "sha256:7faf534c1841c09d8fefa60ccde7b9903c9b528853ecf41628689793290ca143",
                "sha256:b4e0406d822aa4993ac45072a584d57aa4931cf8288b5455bbf30c1d59dbad59",
                "sha256:c31eaf28c6fe75ea329add0022efeed249e37861c19681960f99bbc7db981fb2",
                "sha256:c7393597191fc2043c744db021643549061e12abe0b3ff5c429d806de7b93b66",
                "sha256:d2b302f8cdd82c8f48e9de749d1d17f85ce9a0f082880b9a4859f66b07037dc6",
                "sha256:e3d8dd0ec0ea280cf89026b0898971f5750a7bd92cb62c51af5a52abd020054a",
                "sha256:ec032cbfed59bd5a4b8eab943c310acfaaa81394e14f44454ad5c9eba4f24a74"
            ],
            "version": "==2019.11.1"
        },
        "requests": {
            "hashes": [
                "sha256:11e007a8a2aa0323f5a921e9e6a2d7e4e67d9877e85773fba9ba6419025cbeb4",
                "sha256:9cf5292fcd0f598c671cfc1e0d7d1a7f13bb8085e9a590f48c010551dc6c4b31"
            ],
            "version": "==2.22.0"
        },
        "requests-toolbelt": {
            "hashes": [
                "sha256:380606e1d10dc85c3bd47bf5a6095f815ec007be7a8b69c878507068df059e6f",
                "sha256:968089d4584ad4ad7c171454f0a5c6dac23971e9472521ea3b6d49d610aa6fc0"
            ],
            "version": "==0.9.1"
        },
        "send2trash": {
            "hashes": [
                "sha256:60001cc07d707fe247c94f74ca6ac0d3255aabcb930529690897ca2a39db28b2",
                "sha256:f1691922577b6fa12821234aeb57599d887c4900b9ca537948d2dac34aea888b"
            ],
            "version": "==1.5.0"
        },
        "six": {
            "hashes": [
                "sha256:1f1b7d42e254082a9db6279deae68afb421ceba6158efa6131de7b3003ee93fd",
                "sha256:30f610279e8b2578cab6db20741130331735c781b56053c59c4076da27f06b66"
            ],
            "version": "==1.13.0"
        },
        "snowballstemmer": {
            "hashes": [
                "sha256:209f257d7533fdb3cb73bdbd24f436239ca3b2fa67d56f6ff88e86be08cc5ef0",
                "sha256:df3bac3df4c2c01363f3dd2cfa78cce2840a79b9f1c2d2de9ce8d31683992f52"
            ],
            "version": "==2.0.0"
        },
        "sphinx": {
            "hashes": [
                "sha256:31088dfb95359384b1005619827eaee3056243798c62724fd3fa4b84ee4d71bd",
                "sha256:52286a0b9d7caa31efee301ec4300dbdab23c3b05da1c9024b4e84896fb73d79"
            ],
            "index": "pypi",
            "version": "==2.2.1"
        },
        "sphinx-rtd-theme": {
            "hashes": [
                "sha256:00cf895504a7895ee433807c62094cf1e95f065843bf3acd17037c3e9a2becd4",
                "sha256:728607e34d60456d736cc7991fd236afb828b21b82f956c5ea75f94c8414040a"
            ],
            "index": "pypi",
            "version": "==0.4.3"
        },
        "sphinxcontrib-applehelp": {
            "hashes": [
                "sha256:edaa0ab2b2bc74403149cb0209d6775c96de797dfd5b5e2a71981309efab3897",
                "sha256:fb8dee85af95e5c30c91f10e7eb3c8967308518e0f7488a2828ef7bc191d0d5d"
            ],
            "version": "==1.0.1"
        },
        "sphinxcontrib-devhelp": {
            "hashes": [
                "sha256:6c64b077937330a9128a4da74586e8c2130262f014689b4b89e2d08ee7294a34",
                "sha256:9512ecb00a2b0821a146736b39f7aeb90759834b07e81e8cc23a9c70bacb9981"
            ],
            "version": "==1.0.1"
        },
        "sphinxcontrib-htmlhelp": {
            "hashes": [
                "sha256:4670f99f8951bd78cd4ad2ab962f798f5618b17675c35c5ac3b2132a14ea8422",
                "sha256:d4fd39a65a625c9df86d7fa8a2d9f3cd8299a3a4b15db63b50aac9e161d8eff7"
            ],
            "version": "==1.0.2"
        },
        "sphinxcontrib-jsmath": {
            "hashes": [
                "sha256:2ec2eaebfb78f3f2078e73666b1415417a116cc848b72e5172e596c871103178",
                "sha256:a9925e4a4587247ed2191a22df5f6970656cb8ca2bd6284309578f2153e0c4b8"
            ],
            "version": "==1.0.1"
        },
        "sphinxcontrib-qthelp": {
            "hashes": [
                "sha256:513049b93031beb1f57d4daea74068a4feb77aa5630f856fcff2e50de14e9a20",
                "sha256:79465ce11ae5694ff165becda529a600c754f4bc459778778c7017374d4d406f"
            ],
            "version": "==1.0.2"
        },
        "sphinxcontrib-serializinghtml": {
            "hashes": [
                "sha256:c0efb33f8052c04fd7a26c0a07f1678e8512e0faec19f4aa8f2473a8b81d5227",
                "sha256:db6615af393650bf1151a6cd39120c29abaf93cc60db8c48eb2dddbfdc3a9768"
            ],
            "version": "==1.1.3"
        },
        "terminado": {
            "hashes": [
                "sha256:d9d012de63acb8223ac969c17c3043337c2fcfd28f3aea1ee429b345d01ef460",
                "sha256:de08e141f83c3a0798b050ecb097ab6259c3f0331b2f7b7750c9075ced2c20c2"
            ],
            "version": "==0.8.2"
        },
        "testpath": {
            "hashes": [
                "sha256:60e0a3261c149755f4399a1fff7d37523179a70fdc3abdf78de9fc2604aeec7e",
                "sha256:bfcf9411ef4bf3db7579063e0546938b1edda3d69f4e1fb8756991f5951f85d4"
            ],
            "version": "==0.4.4"
        },
        "toml": {
            "hashes": [
                "sha256:229f81c57791a41d65e399fc06bf0848bab550a9dfd5ed66df18ce5f05e73d5c",
                "sha256:235682dd292d5899d361a811df37e04a8828a5b1da3115886b73cf81ebc9100e"
            ],
            "version": "==0.10.0"
        },
        "tornado": {
            "hashes": [
                "sha256:349884248c36801afa19e342a77cc4458caca694b0eda633f5878e458a44cb2c",
                "sha256:398e0d35e086ba38a0427c3b37f4337327231942e731edaa6e9fd1865bbd6f60",
                "sha256:4e73ef678b1a859f0cb29e1d895526a20ea64b5ffd510a2307b5998c7df24281",
                "sha256:559bce3d31484b665259f50cd94c5c28b961b09315ccd838f284687245f416e5",
                "sha256:abbe53a39734ef4aba061fca54e30c6b4639d3e1f59653f0da37a0003de148c7",
                "sha256:c845db36ba616912074c5b1ee897f8e0124df269468f25e4fe21fe72f6edd7a9",
                "sha256:c9399267c926a4e7c418baa5cbe91c7d1cf362d505a1ef898fde44a07c9dd8a5"
            ],
            "version": "==6.0.3"
        },
        "tox": {
            "hashes": [
                "sha256:0bc216b6a2e6afe764476b4a07edf2c1dab99ed82bb146a1130b2e828f5bff5e",
                "sha256:c4f6b319c20ba4913dbfe71ebfd14ff95d1853c4231493608182f66e566ecfe1"
            ],
            "index": "pypi",
            "version": "==3.14.0"
        },
        "tqdm": {
            "hashes": [
                "sha256:94d2a64582150f503a294b3b8889413e7e56d6043473d6a5672d46185b043902",
                "sha256:fca09992116d6dc3ad9789cf601a254081eb40d5c14c1863ab6cd10e15c2cb26"
            ],
            "version": "==4.37.0"
        },
        "traitlets": {
            "hashes": [
                "sha256:70b4c6a1d9019d7b4f6846832288f86998aa3b9207c6821f3578a6a6a467fe44",
                "sha256:d023ee369ddd2763310e4c3eae1ff649689440d4ae59d7485eb4cfbbe3e359f7"
            ],
            "version": "==4.3.3"
        },
        "twine": {
            "hashes": [
                "sha256:5319dd3e02ac73fcddcd94f035b9631589ab5d23e1f4699d57365199d85261e1",
                "sha256:9fe7091715c7576df166df8ef6654e61bada39571783f2fd415bdcba867c6993"
            ],
            "index": "pypi",
            "version": "==2.0.0"
        },
        "typed-ast": {
            "hashes": [
                "sha256:1170afa46a3799e18b4c977777ce137bb53c7485379d9706af8a59f2ea1aa161",
                "sha256:18511a0b3e7922276346bcb47e2ef9f38fb90fd31cb9223eed42c85d1312344e",
                "sha256:262c247a82d005e43b5b7f69aff746370538e176131c32dda9cb0f324d27141e",
                "sha256:2b907eb046d049bcd9892e3076c7a6456c93a25bebfe554e931620c90e6a25b0",
                "sha256:354c16e5babd09f5cb0ee000d54cfa38401d8b8891eefa878ac772f827181a3c",
                "sha256:48e5b1e71f25cfdef98b013263a88d7145879fbb2d5185f2a0c79fa7ebbeae47",
                "sha256:4e0b70c6fc4d010f8107726af5fd37921b666f5b31d9331f0bd24ad9a088e631",
                "sha256:630968c5cdee51a11c05a30453f8cd65e0cc1d2ad0d9192819df9978984529f4",
                "sha256:66480f95b8167c9c5c5c87f32cf437d585937970f3fc24386f313a4c97b44e34",
                "sha256:71211d26ffd12d63a83e079ff258ac9d56a1376a25bc80b1cdcdf601b855b90b",
                "sha256:7954560051331d003b4e2b3eb822d9dd2e376fa4f6d98fee32f452f52dd6ebb2",
                "sha256:838997f4310012cf2e1ad3803bce2f3402e9ffb71ded61b5ee22617b3a7f6b6e",
                "sha256:95bd11af7eafc16e829af2d3df510cecfd4387f6453355188342c3e79a2ec87a",
                "sha256:bc6c7d3fa1325a0c6613512a093bc2a2a15aeec350451cbdf9e1d4bffe3e3233",
                "sha256:cc34a6f5b426748a507dd5d1de4c1978f2eb5626d51326e43280941206c209e1",
                "sha256:d755f03c1e4a51e9b24d899561fec4ccaf51f210d52abdf8c07ee2849b212a36",
                "sha256:d7c45933b1bdfaf9f36c579671fec15d25b06c8398f113dab64c18ed1adda01d",
                "sha256:d896919306dd0aa22d0132f62a1b78d11aaf4c9fc5b3410d3c666b818191630a",
                "sha256:fdc1c9bbf79510b76408840e009ed65958feba92a88833cdceecff93ae8fff66",
                "sha256:ffde2fbfad571af120fcbfbbc61c72469e72f550d676c3342492a9dfdefb8f12"
            ],
            "version": "==1.4.0"
        },
        "urllib3": {
            "hashes": [
                "sha256:3de946ffbed6e6746608990594d08faac602528ac7015ac28d33cee6a45b7398",
                "sha256:9a107b99a5393caf59c7aa3c1249c16e6879447533d0887f4336dde834c7be86"
            ],
            "version": "==1.25.6"
        },
        "virtualenv": {
            "hashes": [
                "sha256:11cb4608930d5fd3afb545ecf8db83fa50e1f96fc4fca80c94b07d2c83146589",
                "sha256:d257bb3773e48cac60e475a19b608996c73f4d333b3ba2e4e57d5ac6134e0136"
            ],
            "version": "==16.7.7"
        },
        "wcwidth": {
            "hashes": [
                "sha256:3df37372226d6e63e1b1e1eda15c594bca98a22d33a23832a90998faa96bc65e",
                "sha256:f4ebe71925af7b40a864553f761ed559b43544f8f71746c2d756c7fe788ade7c"
            ],
            "version": "==0.1.7"
        },
        "webencodings": {
            "hashes": [
                "sha256:a0af1213f3c2226497a97e2b3aa01a7e4bee4f403f95be16fc9acd2947514a78",
                "sha256:b36a1c245f2d304965eb4e0a82848379241dc04b865afcc4aab16748587e1923"
            ],
            "version": "==0.5.1"
        },
        "widgetsnbextension": {
            "hashes": [
                "sha256:079f87d87270bce047512400efd70238820751a11d2d8cb137a5a5bdbaf255c7",
                "sha256:bd314f8ceb488571a5ffea6cc5b9fc6cba0adaf88a9d2386b93a489751938bcd"
            ],
            "version": "==3.5.1"
        },
        "zipp": {
            "hashes": [
                "sha256:3718b1cbcd963c7d4c5511a8240812904164b7f381b647143a89d3b98f9bcd8e",
                "sha256:f06903e9f1f43b12d371004b4ac7b06ab39a44adc747266928ae6debfa7b3335"
            ],
            "version": "==0.6.0"
        }
    }
}
